
Microsoft Visual Studio Solution File, Format Version 12.00
# Visual Studio Version 16
VisualStudioVersion = 16.0.34729.46
MinimumVisualStudioVersion = 10.0.40219.1
Project("{FAE04EC0-301F-11D3-BF4B-00C04F79EFBC}") = "ConsoleApp5", "ConsoleApp5\ConsoleApp5.csproj", "{5941A039-4FDC-4BCA-9683-E776CEFD1AF3}"
EndProject
Project("{FAE04EC0-301F-11D3-BF4B-00C04F79EFBC}") = "UnitTestProject1", "UnitTestProject1\UnitTestProject1.csproj", "{159CFF7E-0B03-48E0-B414-AEBBD8D6F7C2}"
EndProject
Global
	GlobalSection(SolutionConfigurationPlatforms) = preSolution
		Debug|Any CPU = Debug|Any CPU
		Release|Any CPU = Release|Any CPU
	EndGlobalSection
	GlobalSection(ProjectConfigurationPlatforms) = postSolution
		{5941A039-4FDC-4BCA-9683-E776CEFD1AF3}.Debug|Any CPU.ActiveCfg = Debug|Any CPU
		{5941A039-4FDC-4BCA-9683-E776CEFD1AF3}.Debug|Any CPU.Build.0 = Debug|Any CPU
		{5941A039-4FDC-4BCA-9683-E776CEFD1AF3}.Release|Any CPU.ActiveCfg = Release|Any CPU
		{5941A039-4FDC-4BCA-9683-E776CEFD1AF3}.Release|Any CPU.Build.0 = Release|Any CPU
		{159CFF7E-0B03-48E0-B414-AEBBD8D6F7C2}.Debug|Any CPU.ActiveCfg = Debug|Any CPU
		{159CFF7E-0B03-48E0-B414-AEBBD8D6F7C2}.Debug|Any CPU.Build.0 = Debug|Any CPU
		{159CFF7E-0B03-48E0-B414-AEBBD8D6F7C2}.Release|Any CPU.ActiveCfg = Release|Any CPU
		{159CFF7E-0B03-48E0-B414-AEBBD8D6F7C2}.Release|Any CPU.Build.0 = Release|Any CPU
	EndGlobalSection
	GlobalSection(SolutionProperties) = preSolution
		HideSolutionNode = FALSE
	EndGlobalSection
	GlobalSection(ExtensibilityGlobals) = postSolution
		SolutionGuid = {CF250170-DD58-47A3-911A-8C4C99B118D9}
	EndGlobalSection
EndGlobal
